
Microsoft Visual Studio Solution File, Format Version 12.00
# Visual Studio Version 17
VisualStudioVersion = 17.13.35931.197 d17.13
MinimumVisualStudioVersion = 10.0.40219.1
Project("{FAE04EC0-301F-11D3-BF4B-00C04F79EFBC}") = "KeycloakTesting", "KeycloakTesting\KeycloakTesting.csproj", "{2DBFB4FE-102B-4012-BC23-25A439BCB584}"
EndProject
Global
	GlobalSection(SolutionConfigurationPlatforms) = preSolution
		Debug|Any CPU = Debug|Any CPU
		Release|Any CPU = Release|Any CPU
	EndGlobalSection
	GlobalSection(ProjectConfigurationPlatforms) = postSolution
		{2DBFB4FE-102B-4012-BC23-25A439BCB584}.Debug|Any CPU.ActiveCfg = Debug|Any CPU
		{2DBFB4FE-102B-4012-BC23-25A439BCB584}.Debug|Any CPU.Build.0 = Debug|Any CPU
		{2DBFB4FE-102B-4012-BC23-25A439BCB584}.Release|Any CPU.ActiveCfg = Release|Any CPU
		{2DBFB4FE-102B-4012-BC23-25A439BCB584}.Release|Any CPU.Build.0 = Release|Any CPU
	EndGlobalSection
	GlobalSection(SolutionProperties) = preSolution
		HideSolutionNode = FALSE
	EndGlobalSection
	GlobalSection(ExtensibilityGlobals) = postSolution
		SolutionGuid = {0D2BF36D-2DA9-462A-BB00-D842640838AB}
	EndGlobalSection
EndGlobal
